
Microsoft Visual Studio Solution File, Format Version 12.00
# Visual Studio Version 17
VisualStudioVersion = 17.9.34728.123
MinimumVisualStudioVersion = 10.0.40219.1
Project("{FAE04EC0-301F-11D3-BF4B-00C04F79EFBC}") = "equipment_store", "equipment_store\equipment_store.csproj", "{DCCB4B4B-5DA7-4EB1-9A17-8AE5AB794ACC}"
EndProject
Global
	GlobalSection(SolutionConfigurationPlatforms) = preSolution
		Debug|Any CPU = Debug|Any CPU
		Release|Any CPU = Release|Any CPU
	EndGlobalSection
	GlobalSection(ProjectConfigurationPlatforms) = postSolution
		{DCCB4B4B-5DA7-4EB1-9A17-8AE5AB794ACC}.Debug|Any CPU.ActiveCfg = Debug|Any CPU
		{DCCB4B4B-5DA7-4EB1-9A17-8AE5AB794ACC}.Debug|Any CPU.Build.0 = Debug|Any CPU
		{DCCB4B4B-5DA7-4EB1-9A17-8AE5AB794ACC}.Release|Any CPU.ActiveCfg = Release|Any CPU
		{DCCB4B4B-5DA7-4EB1-9A17-8AE5AB794ACC}.Release|Any CPU.Build.0 = Release|Any CPU
	EndGlobalSection
	GlobalSection(SolutionProperties) = preSolution
		HideSolutionNode = FALSE
	EndGlobalSection
	GlobalSection(ExtensibilityGlobals) = postSolution
		SolutionGuid = {F197771C-56CE-48CB-B3C9-3AA2DFAD01C4}
	EndGlobalSection
EndGlobal
